
Microsoft Visual Studio Solution File, Format Version 12.00
# Visual Studio Version 17
VisualStudioVersion = 17.9.34728.123
MinimumVisualStudioVersion = 10.0.40219.1
Project("{FAE04EC0-301F-11D3-BF4B-00C04F79EFBC}") = "BibliotecaVirtual.Consola", "BibliotecaVirtual.Consola\BibliotecaVirtual.Consola.csproj", "{A81F6AF6-1270-43E9-A0EC-21765A51A730}"
EndProject
Global
	GlobalSection(SolutionConfigurationPlatforms) = preSolution
		Debug|Any CPU = Debug|Any CPU
		Release|Any CPU = Release|Any CPU
	EndGlobalSection
	GlobalSection(ProjectConfigurationPlatforms) = postSolution
		{A81F6AF6-1270-43E9-A0EC-21765A51A730}.Debug|Any CPU.ActiveCfg = Debug|Any CPU
		{A81F6AF6-1270-43E9-A0EC-21765A51A730}.Debug|Any CPU.Build.0 = Debug|Any CPU
		{A81F6AF6-1270-43E9-A0EC-21765A51A730}.Release|Any CPU.ActiveCfg = Release|Any CPU
		{A81F6AF6-1270-43E9-A0EC-21765A51A730}.Release|Any CPU.Build.0 = Release|Any CPU
	EndGlobalSection
	GlobalSection(SolutionProperties) = preSolution
		HideSolutionNode = FALSE
	EndGlobalSection
	GlobalSection(ExtensibilityGlobals) = postSolution
		SolutionGuid = {A0A633B8-4D36-478E-934E-9861DF248C57}
	EndGlobalSection
EndGlobal
